
Microsoft Visual Studio Solution File, Format Version 12.00
# Visual Studio Version 17
VisualStudioVersion = 17.0.31903.59
MinimumVisualStudioVersion = 10.0.40219.1
Project("{2150E333-8FDC-42A3-9474-1A3956D46DE8}") = "src", "src", "{827E0CD3-B72D-47B6-A68D-7590B98EB39B}"
EndProject
Project("{2150E333-8FDC-42A3-9474-1A3956D46DE8}") = "Core.Diagnostics", "Core.Diagnostics", "{6A754FFE-FCB8-F85F-3762-05201F752B2D}"
EndProject
Project("{FAE04EC0-301F-11D3-BF4B-00C04F79EFBC}") = "MetWorks.Core.Diagnostics", "..\..\src\Core.Diagnostics\MetWorks.Core.Diagnostics.csproj", "{2DA6053C-03DB-4D79-B207-E6944D28DD04}"
EndProject
Project("{2150E333-8FDC-42A3-9474-1A3956D46DE8}") = "Core.Models", "Core.Models", "{86F9E87F-326A-E0DC-7B61-597748421DF7}"
EndProject
Project("{FAE04EC0-301F-11D3-BF4B-00C04F79EFBC}") = "MetWorks.Core.Models", "..\..\src\Core.Models\MetWorks.Core.Models.csproj", "{459EB58D-A21F-4676-84B0-09D85EC09C93}"
EndProject
Project("{2150E333-8FDC-42A3-9474-1A3956D46DE8}") = "Validation.Exchange", "Validation.Exchange", "{D6EB33BB-64ED-174C-E4AA-DE3821CF1BDF}"
EndProject
Project("{FAE04EC0-301F-11D3-BF4B-00C04F79EFBC}") = "MetWorks.Validation.Exchange", "..\..\src\Validation.Exchange\MetWorks.Validation.Exchange.csproj", "{CFB4AB51-891F-407B-8A23-B4A3F59B1991}"
EndProject
Project("{2150E333-8FDC-42A3-9474-1A3956D46DE8}") = "tests", "tests", "{0AB3BF05-4346-4AA6-1389-037BE0695223}"
EndProject
Project("{2150E333-8FDC-42A3-9474-1A3956D46DE8}") = "Validation.Tests", "Validation.Tests", "{151B334F-BC42-0511-F8BE-262C97659648}"
EndProject
Project("{FAE04EC0-301F-11D3-BF4B-00C04F79EFBC}") = "MetWorks.Validation.Tests", "..\..\tests\Validation.Tests\MetWorks.Validation.Tests.csproj", "{D18E2AE4-E2E9-4E68-916C-F9042D5F6566}"
EndProject
Global
	GlobalSection(SolutionConfigurationPlatforms) = preSolution
		Debug|Any CPU = Debug|Any CPU
		Debug|x64 = Debug|x64
		Debug|x86 = Debug|x86
		Release|Any CPU = Release|Any CPU
		Release|x64 = Release|x64
		Release|x86 = Release|x86
	EndGlobalSection
	GlobalSection(ProjectConfigurationPlatforms) = postSolution
		{2DA6053C-03DB-4D79-B207-E6944D28DD04}.Debug|Any CPU.ActiveCfg = Debug|Any CPU
		{2DA6053C-03DB-4D79-B207-E6944D28DD04}.Debug|Any CPU.Build.0 = Debug|Any CPU
		{2DA6053C-03DB-4D79-B207-E6944D28DD04}.Debug|x64.ActiveCfg = Debug|Any CPU
		{2DA6053C-03DB-4D79-B207-E6944D28DD04}.Debug|x64.Build.0 = Debug|Any CPU
		{2DA6053C-03DB-4D79-B207-E6944D28DD04}.Debug|x86.ActiveCfg = Debug|Any CPU
		{2DA6053C-03DB-4D79-B207-E6944D28DD04}.Debug|x86.Build.0 = Debug|Any CPU
		{2DA6053C-03DB-4D79-B207-E6944D28DD04}.Release|Any CPU.ActiveCfg = Release|Any CPU
		{2DA6053C-03DB-4D79-B207-E6944D28DD04}.Release|Any CPU.Build.0 = Release|Any CPU
		{2DA6053C-03DB-4D79-B207-E6944D28DD04}.Release|x64.ActiveCfg = Release|Any CPU
		{2DA6053C-03DB-4D79-B207-E6944D28DD04}.Release|x64.Build.0 = Release|Any CPU
		{2DA6053C-03DB-4D79-B207-E6944D28DD04}.Release|x86.ActiveCfg = Release|Any CPU
		{2DA6053C-03DB-4D79-B207-E6944D28DD04}.Release|x86.Build.0 = Release|Any CPU
		{459EB58D-A21F-4676-84B0-09D85EC09C93}.Debug|Any CPU.ActiveCfg = Debug|Any CPU
		{459EB58D-A21F-4676-84B0-09D85EC09C93}.Debug|Any CPU.Build.0 = Debug|Any CPU
		{459EB58D-A21F-4676-84B0-09D85EC09C93}.Debug|x64.ActiveCfg = Debug|Any CPU
		{459EB58D-A21F-4676-84B0-09D85EC09C93}.Debug|x64.Build.0 = Debug|Any CPU
		{459EB58D-A21F-4676-84B0-09D85EC09C93}.Debug|x86.ActiveCfg = Debug|Any CPU
		{459EB58D-A21F-4676-84B0-09D85EC09C93}.Debug|x86.Build.0 = Debug|Any CPU
		{459EB58D-A21F-4676-84B0-09D85EC09C93}.Release|Any CPU.ActiveCfg = Release|Any CPU
		{459EB58D-A21F-4676-84B0-09D85EC09C93}.Release|Any CPU.Build.0 = Release|Any CPU
		{459EB58D-A21F-4676-84B0-09D85EC09C93}.Release|x64.ActiveCfg = Release|Any CPU
		{459EB58D-A21F-4676-84B0-09D85EC09C93}.Release|x64.Build.0 = Release|Any CPU
		{459EB58D-A21F-4676-84B0-09D85EC09C93}.Release|x86.ActiveCfg = Release|Any CPU
		{459EB58D-A21F-4676-84B0-09D85EC09C93}.Release|x86.Build.0 = Release|Any CPU
		{CFB4AB51-891F-407B-8A23-B4A3F59B1991}.Debug|Any CPU.ActiveCfg = Debug|Any CPU
		{CFB4AB51-891F-407B-8A23-B4A3F59B1991}.Debug|Any CPU.Build.0 = Debug|Any CPU
		{CFB4AB51-891F-407B-8A23-B4A3F59B1991}.Debug|x64.ActiveCfg = Debug|Any CPU
		{CFB4AB51-891F-407B-8A23-B4A3F59B1991}.Debug|x64.Build.0 = Debug|Any CPU
		{CFB4AB51-891F-407B-8A23-B4A3F59B1991}.Debug|x86.ActiveCfg = Debug|Any CPU
		{CFB4AB51-891F-407B-8A23-B4A3F59B1991}.Debug|x86.Build.0 = Debug|Any CPU
		{CFB4AB51-891F-407B-8A23-B4A3F59B1991}.Release|Any CPU.ActiveCfg = Release|Any CPU
		{CFB4AB51-891F-407B-8A23-B4A3F59B1991}.Release|Any CPU.Build.0 = Release|Any CPU
		{CFB4AB51-891F-407B-8A23-B4A3F59B1991}.Release|x64.ActiveCfg = Release|Any CPU
		{CFB4AB51-891F-407B-8A23-B4A3F59B1991}.Release|x64.Build.0 = Release|Any CPU
		{CFB4AB51-891F-407B-8A23-B4A3F59B1991}.Release|x86.ActiveCfg = Release|Any CPU
		{CFB4AB51-891F-407B-8A23-B4A3F59B1991}.Release|x86.Build.0 = Release|Any CPU
		{D18E2AE4-E2E9-4E68-916C-F9042D5F6566}.Debug|Any CPU.ActiveCfg = Debug|Any CPU
		{D18E2AE4-E2E9-4E68-916C-F9042D5F6566}.Debug|Any CPU.Build.0 = Debug|Any CPU
		{D18E2AE4-E2E9-4E68-916C-F9042D5F6566}.Debug|x64.ActiveCfg = Debug|Any CPU
		{D18E2AE4-E2E9-4E68-916C-F9042D5F6566}.Debug|x64.Build.0 = Debug|Any CPU
		{D18E2AE4-E2E9-4E68-916C-F9042D5F6566}.Debug|x86.ActiveCfg = Debug|Any CPU
		{D18E2AE4-E2E9-4E68-916C-F9042D5F6566}.Debug|x86.Build.0 = Debug|Any CPU
		{D18E2AE4-E2E9-4E68-916C-F9042D5F6566}.Release|Any CPU.ActiveCfg = Release|Any CPU
		{D18E2AE4-E2E9-4E68-916C-F9042D5F6566}.Release|Any CPU.Build.0 = Release|Any CPU
		{D18E2AE4-E2E9-4E68-916C-F9042D5F6566}.Release|x64.ActiveCfg = Release|Any CPU
		{D18E2AE4-E2E9-4E68-916C-F9042D5F6566}.Release|x64.Build.0 = Release|Any CPU
		{D18E2AE4-E2E9-4E68-916C-F9042D5F6566}.Release|x86.ActiveCfg = Release|Any CPU
		{D18E2AE4-E2E9-4E68-916C-F9042D5F6566}.Release|x86.Build.0 = Release|Any CPU
	EndGlobalSection
	GlobalSection(SolutionProperties) = preSolution
		HideSolutionNode = FALSE
	EndGlobalSection
	GlobalSection(NestedProjects) = preSolution
		{6A754FFE-FCB8-F85F-3762-05201F752B2D} = {827E0CD3-B72D-47B6-A68D-7590B98EB39B}
		{2DA6053C-03DB-4D79-B207-E6944D28DD04} = {6A754FFE-FCB8-F85F-3762-05201F752B2D}
		{86F9E87F-326A-E0DC-7B61-597748421DF7} = {827E0CD3-B72D-47B6-A68D-7590B98EB39B}
		{459EB58D-A21F-4676-84B0-09D85EC09C93} = {86F9E87F-326A-E0DC-7B61-597748421DF7}
		{D6EB33BB-64ED-174C-E4AA-DE3821CF1BDF} = {827E0CD3-B72D-47B6-A68D-7590B98EB39B}
		{CFB4AB51-891F-407B-8A23-B4A3F59B1991} = {D6EB33BB-64ED-174C-E4AA-DE3821CF1BDF}
		{151B334F-BC42-0511-F8BE-262C97659648} = {0AB3BF05-4346-4AA6-1389-037BE0695223}
		{D18E2AE4-E2E9-4E68-916C-F9042D5F6566} = {151B334F-BC42-0511-F8BE-262C97659648}
	EndGlobalSection
	GlobalSection(ExtensibilityGlobals) = postSolution
		SolutionGuid = {94E57D29-722E-4912-9BD4-19706E10A5B9}
	EndGlobalSection
EndGlobal
